
Microsoft Visual Studio Solution File, Format Version 12.00
# Visual Studio Version 17
VisualStudioVersion = 17.10.34916.146
MinimumVisualStudioVersion = 10.0.40219.1
Project("{FAE04EC0-301F-11D3-BF4B-00C04F79EFBC}") = "EmployeeApplication", "EmployeeApplication\EmployeeApplication.csproj", "{EA675C2C-664B-4018-A77E-6EEC4066FB7E}"
EndProject
Global
	GlobalSection(SolutionConfigurationPlatforms) = preSolution
		Debug|Any CPU = Debug|Any CPU
		Release|Any CPU = Release|Any CPU
	EndGlobalSection
	GlobalSection(ProjectConfigurationPlatforms) = postSolution
		{EA675C2C-664B-4018-A77E-6EEC4066FB7E}.Debug|Any CPU.ActiveCfg = Debug|Any CPU
		{EA675C2C-664B-4018-A77E-6EEC4066FB7E}.Debug|Any CPU.Build.0 = Debug|Any CPU
		{EA675C2C-664B-4018-A77E-6EEC4066FB7E}.Release|Any CPU.ActiveCfg = Release|Any CPU
		{EA675C2C-664B-4018-A77E-6EEC4066FB7E}.Release|Any CPU.Build.0 = Release|Any CPU
	EndGlobalSection
	GlobalSection(SolutionProperties) = preSolution
		HideSolutionNode = FALSE
	EndGlobalSection
	GlobalSection(ExtensibilityGlobals) = postSolution
		SolutionGuid = {A336807C-7043-4D2B-87BE-287D2C81B461}
	EndGlobalSection
EndGlobal
